
Microsoft Visual Studio Solution File, Format Version 12.00
# Visual Studio Version 16
VisualStudioVersion = 16.0.31313.79
MinimumVisualStudioVersion = 10.0.40219.1
Project("{FAE04EC0-301F-11D3-BF4B-00C04F79EFBC}") = "shag_form", "shag_form.csproj", "{261360D5-6D19-40B2-B770-6B230FE45C05}"
EndProject
Global
	GlobalSection(SolutionConfigurationPlatforms) = preSolution
		Debug|Any CPU = Debug|Any CPU
		Release|Any CPU = Release|Any CPU
	EndGlobalSection
	GlobalSection(ProjectConfigurationPlatforms) = postSolution
		{261360D5-6D19-40B2-B770-6B230FE45C05}.Debug|Any CPU.ActiveCfg = Debug|Any CPU
		{261360D5-6D19-40B2-B770-6B230FE45C05}.Debug|Any CPU.Build.0 = Debug|Any CPU
		{261360D5-6D19-40B2-B770-6B230FE45C05}.Release|Any CPU.ActiveCfg = Release|Any CPU
		{261360D5-6D19-40B2-B770-6B230FE45C05}.Release|Any CPU.Build.0 = Release|Any CPU
	EndGlobalSection
	GlobalSection(SolutionProperties) = preSolution
		HideSolutionNode = FALSE
	EndGlobalSection
	GlobalSection(ExtensibilityGlobals) = postSolution
		SolutionGuid = {C5F76BA5-2740-4530-B3AB-DC820762FBD5}
	EndGlobalSection
EndGlobal
